
Microsoft Visual Studio Solution File, Format Version 12.00
# Visual Studio Version 17
VisualStudioVersion = 17.4.33213.308
MinimumVisualStudioVersion = 10.0.40219.1
Project("{8BC9CEB8-8B4A-11D0-8D11-00A0C91BC942}") = "edit_cpp", "edit_cpp.vcxproj", "{B01672E8-1E20-49AD-BE8D-CDCE95BF9164}"
EndProject
Project("{8BC9CEB8-8B4A-11D0-8D11-00A0C91BC942}") = "test_edit_cpp", "test_edit_cpp.vcxproj", "{5320BAD9-1859-4700-A3A9-EB965904DB0D}"
EndProject
Global
	GlobalSection(SolutionConfigurationPlatforms) = preSolution
		Debug|x64 = Debug|x64
		Debug|x86 = Debug|x86
		Release|x64 = Release|x64
		Release|x86 = Release|x86
	EndGlobalSection
	GlobalSection(ProjectConfigurationPlatforms) = postSolution
		{B01672E8-1E20-49AD-BE8D-CDCE95BF9164}.Debug|x64.ActiveCfg = Debug|x64
		{B01672E8-1E20-49AD-BE8D-CDCE95BF9164}.Debug|x64.Build.0 = Debug|x64
		{B01672E8-1E20-49AD-BE8D-CDCE95BF9164}.Debug|x86.ActiveCfg = Debug|Win32
		{B01672E8-1E20-49AD-BE8D-CDCE95BF9164}.Debug|x86.Build.0 = Debug|Win32
		{B01672E8-1E20-49AD-BE8D-CDCE95BF9164}.Release|x64.ActiveCfg = Release|x64
		{B01672E8-1E20-49AD-BE8D-CDCE95BF9164}.Release|x64.Build.0 = Release|x64
		{B01672E8-1E20-49AD-BE8D-CDCE95BF9164}.Release|x86.ActiveCfg = Release|Win32
		{B01672E8-1E20-49AD-BE8D-CDCE95BF9164}.Release|x86.Build.0 = Release|Win32
		{5320BAD9-1859-4700-A3A9-EB965904DB0D}.Debug|x64.ActiveCfg = Debug|x64
		{5320BAD9-1859-4700-A3A9-EB965904DB0D}.Debug|x64.Build.0 = Debug|x64
		{5320BAD9-1859-4700-A3A9-EB965904DB0D}.Debug|x86.ActiveCfg = Debug|Win32
		{5320BAD9-1859-4700-A3A9-EB965904DB0D}.Debug|x86.Build.0 = Debug|Win32
		{5320BAD9-1859-4700-A3A9-EB965904DB0D}.Release|x64.ActiveCfg = Release|x64
		{5320BAD9-1859-4700-A3A9-EB965904DB0D}.Release|x64.Build.0 = Release|x64
		{5320BAD9-1859-4700-A3A9-EB965904DB0D}.Release|x86.ActiveCfg = Release|Win32
		{5320BAD9-1859-4700-A3A9-EB965904DB0D}.Release|x86.Build.0 = Release|Win32
	EndGlobalSection
	GlobalSection(SolutionProperties) = preSolution
		HideSolutionNode = FALSE
	EndGlobalSection
	GlobalSection(ExtensibilityGlobals) = postSolution
		SolutionGuid = {95E5E95A-278E-407D-B0EF-BDA913B1C5D7}
	EndGlobalSection
EndGlobal
